
Microsoft Visual Studio Solution File, Format Version 12.00
# Visual Studio Version 17
VisualStudioVersion = 17.9.34622.214
MinimumVisualStudioVersion = 10.0.40219.1
Project("{FAE04EC0-301F-11D3-BF4B-00C04F79EFBC}") = "Misya Yüksek İrtifa Yer İstasyonu", "Misya Yüksek İrtifa Yer İstasyonu\Misya Yüksek İrtifa Yer İstasyonu.csproj", "{05EFD31D-EF84-4FD7-A54F-0A92065713C5}"
EndProject
Global
	GlobalSection(SolutionConfigurationPlatforms) = preSolution
		Debug|Any CPU = Debug|Any CPU
		Release|Any CPU = Release|Any CPU
	EndGlobalSection
	GlobalSection(ProjectConfigurationPlatforms) = postSolution
		{05EFD31D-EF84-4FD7-A54F-0A92065713C5}.Debug|Any CPU.ActiveCfg = Debug|Any CPU
		{05EFD31D-EF84-4FD7-A54F-0A92065713C5}.Debug|Any CPU.Build.0 = Debug|Any CPU
		{05EFD31D-EF84-4FD7-A54F-0A92065713C5}.Release|Any CPU.ActiveCfg = Release|Any CPU
		{05EFD31D-EF84-4FD7-A54F-0A92065713C5}.Release|Any CPU.Build.0 = Release|Any CPU
	EndGlobalSection
	GlobalSection(SolutionProperties) = preSolution
		HideSolutionNode = FALSE
	EndGlobalSection
	GlobalSection(ExtensibilityGlobals) = postSolution
		SolutionGuid = {ABAE1FF7-22A1-4DE0-B17C-B4131FE4E9D5}
	EndGlobalSection
EndGlobal
